<?xml version="1.0" encoding="utf-8"?>
<Project ToolsVersion="4.0" xmlns="http://schemas.microsoft.com/developer/msbuild/2003">
  <ItemGroup>
    <Filter Include="소스 파일">
      <UniqueIdentifier>{4FC737F1-C7A5-4376-A066-2A32D752A2FF}</UniqueIdentifier>
      <Extensions>cpp;c;cc;cxx;c++;cppm;ixx;def;odl;idl;hpj;bat;asm;asmx</Extensions>
    </Filter>
    <Filter Include="헤더 파일">
      <UniqueIdentifier>{93995380-89BD-4b04-88EB-625FBE52EBFB}</UniqueIdentifier>
      <Extensions>h;hh;hpp;hxx;h++;hm;inl;inc;ipp;xsd</Extensions>
    </Filter>
    <Filter Include="리소스 파일">
      <UniqueIdentifier>{67DA6AB6-F800-4c08-8B7A-83BB121AAD01}</UniqueIdentifier>
      <Extensions>rc;ico;cur;bmp;dlg;rc2;rct;bin;rgs;gif;jpg;jpeg;jpe;resx;tiff;tif;png;wav;mfcribbon-ms</Extensions>
    </Filter>
    <Filter Include="소스 파일\Color">
      <UniqueIdentifier>{7e03832c-a3ba-4fa3-a7d6-f37b69039d99}</UniqueIdentifier>
    </Filter>
    <Filter Include="소스 파일\Drawing">
      <UniqueIdentifier>{4d122291-0292-4e89-9772-41a7472fbdc5}</UniqueIdentifier>
    </Filter>
    <Filter Include="소스 파일\Lighting">
      <UniqueIdentifier>{cbd27819-c128-46fb-b53d-3573f8f5bf5e}</UniqueIdentifier>
    </Filter>
    <Filter Include="소스 파일\Texturing">
      <UniqueIdentifier>{661d823d-9489-4949-bb79-98f49876a491}</UniqueIdentifier>
    </Filter>
    <Filter Include="소스 파일\Blending">
      <UniqueIdentifier>{5f025d54-d467-4a7f-ae9c-0c3797937f2d}</UniqueIdentifier>
    </Filter>
  </ItemGroup>
  <ItemGroup>
    <ClCompile Include="d3dUtility.cpp">
      <Filter>소스 파일</Filter>
    </ClCompile>
    <ClCompile Include="Drawing\cube.cpp">
      <Filter>소스 파일\Drawing</Filter>
    </ClCompile>
    <ClCompile Include="Drawing\d3dxcreate.cpp">
      <Filter>소스 파일\Drawing</Filter>
    </ClCompile>
    <ClCompile Include="Drawing\teapot.cpp">
      <Filter>소스 파일\Drawing</Filter>
    </ClCompile>
    <ClCompile Include="Drawing\triangle.cpp">
      <Filter>소스 파일\Drawing</Filter>
    </ClCompile>
    <ClCompile Include="Color\colorTriangle.cpp">
      <Filter>소스 파일\Color</Filter>
    </ClCompile>
    <ClCompile Include="Lighting\directionalLight.cpp">
      <Filter>소스 파일\Lighting</Filter>
    </ClCompile>
    <ClCompile Include="Lighting\litPyramid.cpp">
      <Filter>소스 파일\Lighting</Filter>
    </ClCompile>
    <ClCompile Include="Lighting\pointLIght.cpp">
      <Filter>소스 파일\Lighting</Filter>
    </ClCompile>
    <ClCompile Include="Lighting\spotLight.cpp">
      <Filter>소스 파일\Lighting</Filter>
    </ClCompile>
    <ClCompile Include="Blending\texAlpha\cube.cpp">
      <Filter>소스 파일</Filter>
    </ClCompile>
    <ClCompile Include="textAlpha.cpp">
      <Filter>소스 파일</Filter>
    </ClCompile>
  </ItemGroup>
  <ItemGroup>
    <ClInclude Include="d3dUtility.h">
      <Filter>헤더 파일</Filter>
    </ClInclude>
    <ClInclude Include="Blending\texAlpha\cube.h">
      <Filter>헤더 파일</Filter>
    </ClInclude>
    <ClInclude Include="Blending\texAlpha\vertex.h">
      <Filter>헤더 파일</Filter>
    </ClInclude>
  </ItemGroup>
  <ItemGroup>
    <Image Include="Blending\texAlpha\alphachannel.bmp">
      <Filter>소스 파일</Filter>
    </Image>
    <Image Include="Blending\texAlpha\crate.jpg">
      <Filter>소스 파일</Filter>
    </Image>
    <Image Include="Blending\texAlpha\cratewalpha.dds">
      <Filter>소스 파일</Filter>
    </Image>
  </ItemGroup>
</Project>